
Microsoft Visual Studio Solution File, Format Version 12.00
# Visual Studio 15
VisualStudioVersion = 15.0.27428.2011
MinimumVisualStudioVersion = 10.0.40219.1
Project("{FAE04EC0-301F-11D3-BF4B-00C04F79EFBC}") = "bdxnative", "bdxnative\bdxnative.csproj", "{54AEAFA7-7487-45C9-9EA7-E1531C54CF03}"
EndProject
Project("{8BC9CEB8-8B4A-11D0-8D11-00A0C91BC942}") = "DirectXTex", "DirectXTex\DirectXTex.vcxproj", "{6FE2D267-1564-4AEB-905B-6FAA01071FA3}"
EndProject
Global
	GlobalSection(SolutionConfigurationPlatforms) = preSolution
		Debug|x64 = Debug|x64
		Debug|x86 = Debug|x86
		Release|x64 = Release|x64
		Release|x86 = Release|x86
	EndGlobalSection
	GlobalSection(ProjectConfigurationPlatforms) = postSolution
		{54AEAFA7-7487-45C9-9EA7-E1531C54CF03}.Debug|x64.ActiveCfg = Debug|x86
		{54AEAFA7-7487-45C9-9EA7-E1531C54CF03}.Debug|x86.ActiveCfg = Debug|x86
		{54AEAFA7-7487-45C9-9EA7-E1531C54CF03}.Debug|x86.Build.0 = Debug|x86
		{54AEAFA7-7487-45C9-9EA7-E1531C54CF03}.Release|x64.ActiveCfg = Release|x86
		{54AEAFA7-7487-45C9-9EA7-E1531C54CF03}.Release|x86.ActiveCfg = Release|x86
		{54AEAFA7-7487-45C9-9EA7-E1531C54CF03}.Release|x86.Build.0 = Release|x86
		{6FE2D267-1564-4AEB-905B-6FAA01071FA3}.Debug|x64.ActiveCfg = Debug|x64
		{6FE2D267-1564-4AEB-905B-6FAA01071FA3}.Debug|x64.Build.0 = Debug|x64
		{6FE2D267-1564-4AEB-905B-6FAA01071FA3}.Debug|x86.ActiveCfg = Debug|Win32
		{6FE2D267-1564-4AEB-905B-6FAA01071FA3}.Debug|x86.Build.0 = Debug|Win32
		{6FE2D267-1564-4AEB-905B-6FAA01071FA3}.Release|x64.ActiveCfg = Release|x64
		{6FE2D267-1564-4AEB-905B-6FAA01071FA3}.Release|x64.Build.0 = Release|x64
		{6FE2D267-1564-4AEB-905B-6FAA01071FA3}.Release|x86.ActiveCfg = Release|Win32
		{6FE2D267-1564-4AEB-905B-6FAA01071FA3}.Release|x86.Build.0 = Release|Win32
	EndGlobalSection
	GlobalSection(SolutionProperties) = preSolution
		HideSolutionNode = FALSE
	EndGlobalSection
	GlobalSection(ExtensibilityGlobals) = postSolution
		SolutionGuid = {D1C61C4B-E111-419B-97E8-1627C8870837}
	EndGlobalSection
EndGlobal
